
Microsoft Visual Studio Solution File, Format Version 12.00
# Visual Studio Version 16
VisualStudioVersion = 16.0.31702.278
MinimumVisualStudioVersion = 10.0.40219.1
Project("{8BC9CEB8-8B4A-11D0-8D11-00A0C91BC942}") = "sm3_SIMD", "sm3_SIMD.vcxproj", "{0514CCB1-ED39-4625-855F-10EF42FF8BDF}"
EndProject
Global
	GlobalSection(SolutionConfigurationPlatforms) = preSolution
		Debug|x64 = Debug|x64
		Debug|x86 = Debug|x86
		Release|x64 = Release|x64
		Release|x86 = Release|x86
	EndGlobalSection
	GlobalSection(ProjectConfigurationPlatforms) = postSolution
		{0514CCB1-ED39-4625-855F-10EF42FF8BDF}.Debug|x64.ActiveCfg = Debug|x64
		{0514CCB1-ED39-4625-855F-10EF42FF8BDF}.Debug|x64.Build.0 = Debug|x64
		{0514CCB1-ED39-4625-855F-10EF42FF8BDF}.Debug|x86.ActiveCfg = Debug|Win32
		{0514CCB1-ED39-4625-855F-10EF42FF8BDF}.Debug|x86.Build.0 = Debug|Win32
		{0514CCB1-ED39-4625-855F-10EF42FF8BDF}.Release|x64.ActiveCfg = Release|x64
		{0514CCB1-ED39-4625-855F-10EF42FF8BDF}.Release|x64.Build.0 = Release|x64
		{0514CCB1-ED39-4625-855F-10EF42FF8BDF}.Release|x86.ActiveCfg = Release|Win32
		{0514CCB1-ED39-4625-855F-10EF42FF8BDF}.Release|x86.Build.0 = Release|Win32
	EndGlobalSection
	GlobalSection(SolutionProperties) = preSolution
		HideSolutionNode = FALSE
	EndGlobalSection
	GlobalSection(ExtensibilityGlobals) = postSolution
		SolutionGuid = {D95574DC-8076-4290-8A87-A6A9794ED3DA}
	EndGlobalSection
EndGlobal
